
Microsoft Visual Studio Solution File, Format Version 12.00
# Visual Studio Version 16
VisualStudioVersion = 16.0.31624.102
MinimumVisualStudioVersion = 10.0.40219.1
Project("{8BC9CEB8-8B4A-11D0-8D11-00A0C91BC942}") = "lab1.2_var9", "lab1.2_var9\lab1.2_var9.vcxproj", "{72B5C642-215A-49E3-BBA0-9AACDCEA18A2}"
EndProject
Project("{8BC9CEB8-8B4A-11D0-8D11-00A0C91BC942}") = "Lemniscata_Bernulli_test", "Lemniscata_Bernulli_test\Lemniscata_Bernulli_test.vcxproj", "{FC22AFE6-55B0-4029-B78A-0390FE26FF68}"
EndProject
Global
	GlobalSection(SolutionConfigurationPlatforms) = preSolution
		Debug|x64 = Debug|x64
		Debug|x86 = Debug|x86
		Release|x64 = Release|x64
		Release|x86 = Release|x86
	EndGlobalSection
	GlobalSection(ProjectConfigurationPlatforms) = postSolution
		{72B5C642-215A-49E3-BBA0-9AACDCEA18A2}.Debug|x64.ActiveCfg = Debug|x64
		{72B5C642-215A-49E3-BBA0-9AACDCEA18A2}.Debug|x64.Build.0 = Debug|x64
		{72B5C642-215A-49E3-BBA0-9AACDCEA18A2}.Debug|x86.ActiveCfg = Debug|Win32
		{72B5C642-215A-49E3-BBA0-9AACDCEA18A2}.Debug|x86.Build.0 = Debug|Win32
		{72B5C642-215A-49E3-BBA0-9AACDCEA18A2}.Release|x64.ActiveCfg = Release|x64
		{72B5C642-215A-49E3-BBA0-9AACDCEA18A2}.Release|x64.Build.0 = Release|x64
		{72B5C642-215A-49E3-BBA0-9AACDCEA18A2}.Release|x86.ActiveCfg = Release|Win32
		{72B5C642-215A-49E3-BBA0-9AACDCEA18A2}.Release|x86.Build.0 = Release|Win32
		{FC22AFE6-55B0-4029-B78A-0390FE26FF68}.Debug|x64.ActiveCfg = Debug|x64
		{FC22AFE6-55B0-4029-B78A-0390FE26FF68}.Debug|x64.Build.0 = Debug|x64
		{FC22AFE6-55B0-4029-B78A-0390FE26FF68}.Debug|x86.ActiveCfg = Debug|Win32
		{FC22AFE6-55B0-4029-B78A-0390FE26FF68}.Debug|x86.Build.0 = Debug|Win32
		{FC22AFE6-55B0-4029-B78A-0390FE26FF68}.Release|x64.ActiveCfg = Release|x64
		{FC22AFE6-55B0-4029-B78A-0390FE26FF68}.Release|x64.Build.0 = Release|x64
		{FC22AFE6-55B0-4029-B78A-0390FE26FF68}.Release|x86.ActiveCfg = Release|Win32
		{FC22AFE6-55B0-4029-B78A-0390FE26FF68}.Release|x86.Build.0 = Release|Win32
	EndGlobalSection
	GlobalSection(SolutionProperties) = preSolution
		HideSolutionNode = FALSE
	EndGlobalSection
	GlobalSection(ExtensibilityGlobals) = postSolution
		SolutionGuid = {18BB176F-0BD1-47E8-B3B5-150A7E3A9426}
	EndGlobalSection
EndGlobal
